
Microsoft Visual Studio Solution File, Format Version 12.00
# Visual Studio Version 17
VisualStudioVersion = 17.5.33530.505
MinimumVisualStudioVersion = 10.0.40219.1
Project("{FAE04EC0-301F-11D3-BF4B-00C04F79EFBC}") = "WinFormsApp1", "WinFormsApp1.csproj", "{44D470AC-20AF-4DFB-B7C1-040BACD96257}"
EndProject
Global
	GlobalSection(SolutionConfigurationPlatforms) = preSolution
		Debug|Any CPU = Debug|Any CPU
		Release|Any CPU = Release|Any CPU
	EndGlobalSection
	GlobalSection(ProjectConfigurationPlatforms) = postSolution
		{44D470AC-20AF-4DFB-B7C1-040BACD96257}.Debug|Any CPU.ActiveCfg = Debug|Any CPU
		{44D470AC-20AF-4DFB-B7C1-040BACD96257}.Debug|Any CPU.Build.0 = Debug|Any CPU
		{44D470AC-20AF-4DFB-B7C1-040BACD96257}.Release|Any CPU.ActiveCfg = Release|Any CPU
		{44D470AC-20AF-4DFB-B7C1-040BACD96257}.Release|Any CPU.Build.0 = Release|Any CPU
	EndGlobalSection
	GlobalSection(SolutionProperties) = preSolution
		HideSolutionNode = FALSE
	EndGlobalSection
	GlobalSection(ExtensibilityGlobals) = postSolution
		SolutionGuid = {216D3FF3-7CDD-4DDB-996C-0D922159455B}
	EndGlobalSection
EndGlobal
