
Microsoft Visual Studio Solution File, Format Version 12.00
# Visual Studio Version 17
VisualStudioVersion = 17.5.33530.505
MinimumVisualStudioVersion = 10.0.40219.1
Project("{FAE04EC0-301F-11D3-BF4B-00C04F79EFBC}") = "Ontap_Api", "Ontap_Api\Ontap_Api.csproj", "{D402E81D-D6C2-470F-89BC-286EE1CD44CA}"
EndProject
Project("{FAE04EC0-301F-11D3-BF4B-00C04F79EFBC}") = "GoiApi", "GoiApi\GoiApi.csproj", "{6365653E-CE0D-439D-9A5A-1D6DE0D2BE59}"
EndProject
Global
	GlobalSection(SolutionConfigurationPlatforms) = preSolution
		Debug|Any CPU = Debug|Any CPU
		Release|Any CPU = Release|Any CPU
	EndGlobalSection
	GlobalSection(ProjectConfigurationPlatforms) = postSolution
		{D402E81D-D6C2-470F-89BC-286EE1CD44CA}.Debug|Any CPU.ActiveCfg = Debug|Any CPU
		{D402E81D-D6C2-470F-89BC-286EE1CD44CA}.Debug|Any CPU.Build.0 = Debug|Any CPU
		{D402E81D-D6C2-470F-89BC-286EE1CD44CA}.Release|Any CPU.ActiveCfg = Release|Any CPU
		{D402E81D-D6C2-470F-89BC-286EE1CD44CA}.Release|Any CPU.Build.0 = Release|Any CPU
		{6365653E-CE0D-439D-9A5A-1D6DE0D2BE59}.Debug|Any CPU.ActiveCfg = Debug|Any CPU
		{6365653E-CE0D-439D-9A5A-1D6DE0D2BE59}.Debug|Any CPU.Build.0 = Debug|Any CPU
		{6365653E-CE0D-439D-9A5A-1D6DE0D2BE59}.Release|Any CPU.ActiveCfg = Release|Any CPU
		{6365653E-CE0D-439D-9A5A-1D6DE0D2BE59}.Release|Any CPU.Build.0 = Release|Any CPU
	EndGlobalSection
	GlobalSection(SolutionProperties) = preSolution
		HideSolutionNode = FALSE
	EndGlobalSection
	GlobalSection(ExtensibilityGlobals) = postSolution
		SolutionGuid = {9526002D-2A82-46D1-A56D-54D3DDEE8528}
	EndGlobalSection
EndGlobal
